// !$*UTF8*$!
{
	archiveVersion = 1;
	classes = {
	};
	objectVersion = 51;
	objects = {

/* Begin PBXBuildFile section */
		1E1086B6239D22D20047F276 /* AppDelegate.swift in Sources */ = {isa = PBXBuildFile; fileRef = 1E1086B5239D22D20047F276 /* AppDelegate.swift */; };
		1E1086B8239D22D20047F276 /* SceneDelegate.swift in Sources */ = {isa = PBXBuildFile; fileRef = 1E1086B7239D22D20047F276 /* SceneDelegate.swift */; };
		1E1086BA239D22D20047F276 /* ViewController.swift in Sources */ = {isa = PBXBuildFile; fileRef = 1E1086B9239D22D20047F276 /* ViewController.swift */; };
		1E1086BD239D22D20047F276 /* Main.storyboard in Resources */ = {isa = PBXBuildFile; fileRef = 1E1086BB239D22D20047F276 /* Main.storyboard */; };
		1E1086BF239D22D40047F276 /* Assets.xcassets in Resources */ = {isa = PBXBuildFile; fileRef = 1E1086BE239D22D40047F276 /* Assets.xcassets */; };
		1E1086C2239D22D40047F276 /* LaunchScreen.storyboard in Resources */ = {isa = PBXBuildFile; fileRef = 1E1086C0239D22D40047F276 /* LaunchScreen.storyboard */; };
		1E1086CD239D22D40047F276 /* RemoteConfigForceUpdateTests.swift in Sources */ = {isa = PBXBuildFile; fileRef = 1E1086CC239D22D40047F276 /* RemoteConfigForceUpdateTests.swift */; };
		1E1086DE23A0F25E0047F276 /* FirebaseRemoteConfigService.swift in Sources */ = {isa = PBXBuildFile; fileRef = 1E1086DD23A0F25E0047F276 /* FirebaseRemoteConfigService.swift */; };
		1E1086E123A0F3F60047F276 /* AppUtility.swift in Sources */ = {isa = PBXBuildFile; fileRef = 1E1086E023A0F3F60047F276 /* AppUtility.swift */; };
		1E1086E423A117DD0047F276 /* ForceAlertInformation.swift in Sources */ = {isa = PBXBuildFile; fileRef = 1E1086E323A117DD0047F276 /* ForceAlertInformation.swift */; };
		1E75BD7B23A123120017A7BA /* GoogleService-Info.plist in Resources */ = {isa = PBXBuildFile; fileRef = 1E75BD7A23A123120017A7BA /* GoogleService-Info.plist */; };
		1E75BD7D23A128C50017A7BA /* RemoteConfigDefaultValueProvidable.swift in Sources */ = {isa = PBXBuildFile; fileRef = 1E75BD7C23A128C50017A7BA /* RemoteConfigDefaultValueProvidable.swift */; };
		9CA020213FFB394C2C623C5E /* Pods_RemoteConfigForceUpdateTests.framework in Frameworks */ = {isa = PBXBuildFile; fileRef = 8D238DB96213387850AAA02C /* Pods_RemoteConfigForceUpdateTests.framework */; };
		E98E3A7D521E46C0B4D110A3 /* Pods_RemoteConfigForceUpdate.framework in Frameworks */ = {isa = PBXBuildFile; fileRef = 041BA7207D5A0EC8780EF205 /* Pods_RemoteConfigForceUpdate.framework */; };
/* End PBXBuildFile section */

/* Begin PBXContainerItemProxy section */
		1E1086C9239D22D40047F276 /* PBXContainerItemProxy */ = {
			isa = PBXContainerItemProxy;
			containerPortal = 1E1086AA239D22D10047F276 /* Project object */;
			proxyType = 1;
			remoteGlobalIDString = 1E1086B1239D22D20047F276;
			remoteInfo = RemoteConfigForceUpdate;
		};
/* End PBXContainerItemProxy section */

/* Begin PBXFileReference section */
		041BA7207D5A0EC8780EF205 /* Pods_RemoteConfigForceUpdate.framework */ = {isa = PBXFileReference; explicitFileType = wrapper.framework; includeInIndex = 0; path = Pods_RemoteConfigForceUpdate.framework; sourceTree = BUILT_PRODUCTS_DIR; };
		1E1086B2239D22D20047F276 /* RemoteConfigForceUpdate.app */ = {isa = PBXFileReference; explicitFileType = wrapper.application; includeInIndex = 0; path = RemoteConfigForceUpdate.app; sourceTree = BUILT_PRODUCTS_DIR; };
		1E1086B5239D22D20047F276 /* AppDelegate.swift */ = {isa = PBXFileReference; lastKnownFileType = sourcecode.swift; path = AppDelegate.swift; sourceTree = "<group>"; };
		1E1086B7239D22D20047F276 /* SceneDelegate.swift */ = {isa = PBXFileReference; lastKnownFileType = sourcecode.swift; path = SceneDelegate.swift; sourceTree = "<group>"; };
		1E1086B9239D22D20047F276 /* ViewController.swift */ = {isa = PBXFileReference; lastKnownFileType = sourcecode.swift; path = ViewController.swift; sourceTree = "<group>"; };
		1E1086BC239D22D20047F276 /* Base */ = {isa = PBXFileReference; lastKnownFileType = file.storyboard; name = Base; path = Base.lproj/Main.storyboard; sourceTree = "<group>"; };
		1E1086BE239D22D40047F276 /* Assets.xcassets */ = {isa = PBXFileReference; lastKnownFileType = folder.assetcatalog; path = Assets.xcassets; sourceTree = "<group>"; };
		1E1086C1239D22D40047F276 /* Base */ = {isa = PBXFileReference; lastKnownFileType = file.storyboard; name = Base; path = Base.lproj/LaunchScreen.storyboard; sourceTree = "<group>"; };
		1E1086C3239D22D40047F276 /* Info.plist */ = {isa = PBXFileReference; lastKnownFileType = text.plist.xml; path = Info.plist; sourceTree = "<group>"; };
		1E1086C8239D22D40047F276 /* RemoteConfigForceUpdateTests.xctest */ = {isa = PBXFileReference; explicitFileType = wrapper.cfbundle; includeInIndex = 0; path = RemoteConfigForceUpdateTests.xctest; sourceTree = BUILT_PRODUCTS_DIR; };
		1E1086CC239D22D40047F276 /* RemoteConfigForceUpdateTests.swift */ = {isa = PBXFileReference; lastKnownFileType = sourcecode.swift; path = RemoteConfigForceUpdateTests.swift; sourceTree = "<group>"; };
		1E1086CE239D22D40047F276 /* Info.plist */ = {isa = PBXFileReference; lastKnownFileType = text.plist.xml; path = Info.plist; sourceTree = "<group>"; };
		1E1086DD23A0F25E0047F276 /* FirebaseRemoteConfigService.swift */ = {isa = PBXFileReference; lastKnownFileType = sourcecode.swift; path = FirebaseRemoteConfigService.swift; sourceTree = "<group>"; };
		1E1086E023A0F3F60047F276 /* AppUtility.swift */ = {isa = PBXFileReference; lastKnownFileType = sourcecode.swift; path = AppUtility.swift; sourceTree = "<group>"; };
		1E1086E323A117DD0047F276 /* ForceAlertInformation.swift */ = {isa = PBXFileReference; lastKnownFileType = sourcecode.swift; path = ForceAlertInformation.swift; sourceTree = "<group>"; };
		1E75BD7A23A123120017A7BA /* GoogleService-Info.plist */ = {isa = PBXFileReference; fileEncoding = 4; lastKnownFileType = text.plist.xml; path = "GoogleService-Info.plist"; sourceTree = "<group>"; };
		1E75BD7C23A128C50017A7BA /* RemoteConfigDefaultValueProvidable.swift */ = {isa = PBXFileReference; lastKnownFileType = sourcecode.swift; path = RemoteConfigDefaultValueProvidable.swift; sourceTree = "<group>"; };
		2FC21DD42A1633974D90C412 /* Pods-RemoteConfigForceUpdate.debug.xcconfig */ = {isa = PBXFileReference; includeInIndex = 1; lastKnownFileType = text.xcconfig; name = "Pods-RemoteConfigForceUpdate.debug.xcconfig"; path = "Target Support Files/Pods-RemoteConfigForceUpdate/Pods-RemoteConfigForceUpdate.debug.xcconfig"; sourceTree = "<group>"; };
		5F71A88D4823130AE011FFFE /* Pods-RemoteConfigForceUpdateTests.debug.xcconfig */ = {isa = PBXFileReference; includeInIndex = 1; lastKnownFileType = text.xcconfig; name = "Pods-RemoteConfigForceUpdateTests.debug.xcconfig"; path = "Target Support Files/Pods-RemoteConfigForceUpdateTests/Pods-RemoteConfigForceUpdateTests.debug.xcconfig"; sourceTree = "<group>"; };
		8D238DB96213387850AAA02C /* Pods_RemoteConfigForceUpdateTests.framework */ = {isa = PBXFileReference; explicitFileType = wrapper.framework; includeInIndex = 0; path = Pods_RemoteConfigForceUpdateTests.framework; sourceTree = BUILT_PRODUCTS_DIR; };
		EDF10B06E8A12B778B39B11B /* Pods-RemoteConfigForceUpdate.release.xcconfig */ = {isa = PBXFileReference; includeInIndex = 1; lastKnownFileType = text.xcconfig; name = "Pods-RemoteConfigForceUpdate.release.xcconfig"; path = "Target Support Files/Pods-RemoteConfigForceUpdate/Pods-RemoteConfigForceUpdate.release.xcconfig"; sourceTree = "<group>"; };
		EF07077A63B431B6D5948DA3 /* Pods-RemoteConfigForceUpdateTests.release.xcconfig */ = {isa = PBXFileReference; includeInIndex = 1; lastKnownFileType = text.xcconfig; name = "Pods-RemoteConfigForceUpdateTests.release.xcconfig"; path = "Target Support Files/Pods-RemoteConfigForceUpdateTests/Pods-RemoteConfigForceUpdateTests.release.xcconfig"; sourceTree = "<group>"; };
/* End PBXFileReference section */

/* Begin PBXFrameworksBuildPhase section */
		1E1086AF239D22D20047F276 /* Frameworks */ = {
			isa = PBXFrameworksBuildPhase;
			buildActionMask = 2147483647;
			files = (
				E98E3A7D521E46C0B4D110A3 /* Pods_RemoteConfigForceUpdate.framework in Frameworks */,
			);
			runOnlyForDeploymentPostprocessing = 0;
		};
		1E1086C5239D22D40047F276 /* Frameworks */ = {
			isa = PBXFrameworksBuildPhase;
			buildActionMask = 2147483647;
			files = (
				9CA020213FFB394C2C623C5E /* Pods_RemoteConfigForceUpdateTests.framework in Frameworks */,
			);
			runOnlyForDeploymentPostprocessing = 0;
		};
/* End PBXFrameworksBuildPhase section */

/* Begin PBXGroup section */
		1E1086A9239D22D10047F276 = {
			isa = PBXGroup;
			children = (
				1E1086B4239D22D20047F276 /* RemoteConfigForceUpdate */,
				1E1086CB239D22D40047F276 /* RemoteConfigForceUpdateTests */,
				1E1086B3239D22D20047F276 /* Products */,
				AE3AD5A6AC073D5633A28E41 /* Pods */,
				681263250D9ABDB0762A1394 /* Frameworks */,
			);
			sourceTree = "<group>";
		};
		1E1086B3239D22D20047F276 /* Products */ = {
			isa = PBXGroup;
			children = (
				1E1086B2239D22D20047F276 /* RemoteConfigForceUpdate.app */,
				1E1086C8239D22D40047F276 /* RemoteConfigForceUpdateTests.xctest */,
			);
			name = Products;
			sourceTree = "<group>";
		};
		1E1086B4239D22D20047F276 /* RemoteConfigForceUpdate */ = {
			isa = PBXGroup;
			children = (
				1E1086B5239D22D20047F276 /* AppDelegate.swift */,
				1E1086B7239D22D20047F276 /* SceneDelegate.swift */,
				1E1086D7239D23090047F276 /* ViewControllers */,
				1E1086DC23A0F2490047F276 /* Service */,
				1E1086E223A117CD0047F276 /* Entities */,
				1E1086DF23A0F3E90047F276 /* Utility */,
				1E1086D8239D23300047F276 /* Supports */,
				1E1086D9239D23440047F276 /* Resources */,
			);
			path = RemoteConfigForceUpdate;
			sourceTree = "<group>";
		};
		1E1086CB239D22D40047F276 /* RemoteConfigForceUpdateTests */ = {
			isa = PBXGroup;
			children = (
				1E1086CC239D22D40047F276 /* RemoteConfigForceUpdateTests.swift */,
				1E1086CE239D22D40047F276 /* Info.plist */,
			);
			path = RemoteConfigForceUpdateTests;
			sourceTree = "<group>";
		};
		1E1086D7239D23090047F276 /* ViewControllers */ = {
			isa = PBXGroup;
			children = (
				1E1086BB239D22D20047F276 /* Main.storyboard */,
				1E1086B9239D22D20047F276 /* ViewController.swift */,
			);
			path = ViewControllers;
			sourceTree = "<group>";
		};
		1E1086D8239D23300047F276 /* Supports */ = {
			isa = PBXGroup;
			children = (
				1E75BD7A23A123120017A7BA /* GoogleService-Info.plist */,
				1E1086C3239D22D40047F276 /* Info.plist */,
			);
			path = Supports;
			sourceTree = "<group>";
		};
		1E1086D9239D23440047F276 /* Resources */ = {
			isa = PBXGroup;
			children = (
				1E1086C0239D22D40047F276 /* LaunchScreen.storyboard */,
				1E1086BE239D22D40047F276 /* Assets.xcassets */,
			);
			path = Resources;
			sourceTree = "<group>";
		};
		1E1086DC23A0F2490047F276 /* Service */ = {
			isa = PBXGroup;
			children = (
				1E1086DD23A0F25E0047F276 /* FirebaseRemoteConfigService.swift */,
			);
			path = Service;
			sourceTree = "<group>";
		};
		1E1086DF23A0F3E90047F276 /* Utility */ = {
			isa = PBXGroup;
			children = (
				1E1086E023A0F3F60047F276 /* AppUtility.swift */,
			);
			path = Utility;
			sourceTree = "<group>";
		};
		1E1086E223A117CD0047F276 /* Entities */ = {
			isa = PBXGroup;
			children = (
				1E1086E323A117DD0047F276 /* ForceAlertInformation.swift */,
				1E75BD7C23A128C50017A7BA /* RemoteConfigDefaultValueProvidable.swift */,
			);
			path = Entities;
			sourceTree = "<group>";
		};
		681263250D9ABDB0762A1394 /* Frameworks */ = {
			isa = PBXGroup;
			children = (
				041BA7207D5A0EC8780EF205 /* Pods_RemoteConfigForceUpdate.framework */,
				8D238DB96213387850AAA02C /* Pods_RemoteConfigForceUpdateTests.framework */,
			);
			name = Frameworks;
			sourceTree = "<group>";
		};
		AE3AD5A6AC073D5633A28E41 /* Pods */ = {
			isa = PBXGroup;
			children = (
				2FC21DD42A1633974D90C412 /* Pods-RemoteConfigForceUpdate.debug.xcconfig */,
				EDF10B06E8A12B778B39B11B /* Pods-RemoteConfigForceUpdate.release.xcconfig */,
				5F71A88D4823130AE011FFFE /* Pods-RemoteConfigForceUpdateTests.debug.xcconfig */,
				EF07077A63B431B6D5948DA3 /* Pods-RemoteConfigForceUpdateTests.release.xcconfig */,
			);
			path = Pods;
			sourceTree = "<group>";
		};
/* End PBXGroup section */

/* Begin PBXNativeTarget section */
		1E1086B1239D22D20047F276 /* RemoteConfigForceUpdate */ = {
			isa = PBXNativeTarget;
			buildConfigurationList = 1E1086D1239D22D40047F276 /* Build configuration list for PBXNativeTarget "RemoteConfigForceUpdate" */;
			buildPhases = (
				70A099BE0A129090BF201130 /* [CP] Check Pods Manifest.lock */,
				1E1086AE239D22D20047F276 /* Sources */,
				1E1086AF239D22D20047F276 /* Frameworks */,
				1E1086B0239D22D20047F276 /* Resources */,
				AF7C09521E4D00837A29C9B7 /* [CP] Embed Pods Frameworks */,
			);
			buildRules = (
			);
			dependencies = (
			);
			name = RemoteConfigForceUpdate;
			productName = RemoteConfigForceUpdate;
			productReference = 1E1086B2239D22D20047F276 /* RemoteConfigForceUpdate.app */;
			productType = "com.apple.product-type.application";
		};
		1E1086C7239D22D40047F276 /* RemoteConfigForceUpdateTests */ = {
			isa = PBXNativeTarget;
			buildConfigurationList = 1E1086D4239D22D40047F276 /* Build configuration list for PBXNativeTarget "RemoteConfigForceUpdateTests" */;
			buildPhases = (
				E9A29C48B4CF016F656E79DE /* [CP] Check Pods Manifest.lock */,
				1E1086C4239D22D40047F276 /* Sources */,
				1E1086C5239D22D40047F276 /* Frameworks */,
				1E1086C6239D22D40047F276 /* Resources */,
			);
			buildRules = (
			);
			dependencies = (
				1E1086CA239D22D40047F276 /* PBXTargetDependency */,
			);
			name = RemoteConfigForceUpdateTests;
			productName = RemoteConfigForceUpdateTests;
			productReference = 1E1086C8239D22D40047F276 /* RemoteConfigForceUpdateTests.xctest */;
			productType = "com.apple.product-type.bundle.unit-test";
		};
/* End PBXNativeTarget section */

/* Begin PBXProject section */
		1E1086AA239D22D10047F276 /* Project object */ = {
			isa = PBXProject;
			attributes = {
				LastSwiftUpdateCheck = 1110;
				LastUpgradeCheck = 1110;
				ORGANIZATIONNAME = Iganin;
				TargetAttributes = {
					1E1086B1239D22D20047F276 = {
						CreatedOnToolsVersion = 11.1;
					};
					1E1086C7239D22D40047F276 = {
						CreatedOnToolsVersion = 11.1;
						TestTargetID = 1E1086B1239D22D20047F276;
					};
				};
			};
			buildConfigurationList = 1E1086AD239D22D10047F276 /* Build configuration list for PBXProject "RemoteConfigForceUpdate" */;
			compatibilityVersion = "Xcode 9.3";
			developmentRegion = en;
			hasScannedForEncodings = 0;
			knownRegions = (
				en,
				Base,
			);
			mainGroup = 1E1086A9239D22D10047F276;
			productRefGroup = 1E1086B3239D22D20047F276 /* Products */;
			projectDirPath = "";
			projectRoot = "";
			targets = (
				1E1086B1239D22D20047F276 /* RemoteConfigForceUpdate */,
				1E1086C7239D22D40047F276 /* RemoteConfigForceUpdateTests */,
			);
		};
/* End PBXProject section */

/* Begin PBXResourcesBuildPhase section */
		1E1086B0239D22D20047F276 /* Resources */ = {
			isa = PBXResourcesBuildPhase;
			buildActionMask = 2147483647;
			files = (
				1E1086C2239D22D40047F276 /* LaunchScreen.storyboard in Resources */,
				1E75BD7B23A123120017A7BA /* GoogleService-Info.plist in Resources */,
				1E1086BF239D22D40047F276 /* Assets.xcassets in Resources */,
				1E1086BD239D22D20047F276 /* Main.storyboard in Resources */,
			);
			runOnlyForDeploymentPostprocessing = 0;
		};
		1E1086C6239D22D40047F276 /* Resources */ = {
			isa = PBXResourcesBuildPhase;
			buildActionMask = 2147483647;
			files = (
			);
			runOnlyForDeploymentPostprocessing = 0;
		};
/* End PBXResourcesBuildPhase section */

/* Begin PBXShellScriptBuildPhase section */
		70A099BE0A129090BF201130 /* [CP] Check Pods Manifest.lock */ = {
			isa = PBXShellScriptBuildPhase;
			buildActionMask = 2147483647;
			files = (
			);
			inputFileListPaths = (
			);
			inputPaths = (
				"${PODS_PODFILE_DIR_PATH}/Podfile.lock",
				"${PODS_ROOT}/Manifest.lock",
			);
			name = "[CP] Check Pods Manifest.lock";
			outputFileListPaths = (
			);
			outputPaths = (
				"$(DERIVED_FILE_DIR)/Pods-RemoteConfigForceUpdate-checkManifestLockResult.txt",
			);
			runOnlyForDeploymentPostprocessing = 0;
			shellPath = /bin/sh;
			shellScript = "diff \"${PODS_PODFILE_DIR_PATH}/Podfile.lock\" \"${PODS_ROOT}/Manifest.lock\" > /dev/null\nif [ $? != 0 ] ; then\n    # print error to STDERR\n    echo \"error: The sandbox is not in sync with the Podfile.lock. Run 'pod install' or update your CocoaPods installation.\" >&2\n    exit 1\nfi\n# This output is used by Xcode 'outputs' to avoid re-running this script phase.\necho \"SUCCESS\" > \"${SCRIPT_OUTPUT_FILE_0}\"\n";
			showEnvVarsInLog = 0;
		};
		AF7C09521E4D00837A29C9B7 /* [CP] Embed Pods Frameworks */ = {
			isa = PBXShellScriptBuildPhase;
			buildActionMask = 2147483647;
			files = (
			);
			inputFileListPaths = (
				"${PODS_ROOT}/Target Support Files/Pods-RemoteConfigForceUpdate/Pods-RemoteConfigForceUpdate-frameworks-${CONFIGURATION}-input-files.xcfilelist",
			);
			name = "[CP] Embed Pods Frameworks";
			outputFileListPaths = (
				"${PODS_ROOT}/Target Support Files/Pods-RemoteConfigForceUpdate/Pods-RemoteConfigForceUpdate-frameworks-${CONFIGURATION}-output-files.xcfilelist",
			);
			runOnlyForDeploymentPostprocessing = 0;
			shellPath = /bin/sh;
			shellScript = "\"${PODS_ROOT}/Target Support Files/Pods-RemoteConfigForceUpdate/Pods-RemoteConfigForceUpdate-frameworks.sh\"\n";
			showEnvVarsInLog = 0;
		};
		E9A29C48B4CF016F656E79DE /* [CP] Check Pods Manifest.lock */ = {
			isa = PBXShellScriptBuildPhase;
			buildActionMask = 2147483647;
			files = (
			);
			inputFileListPaths = (
			);
			inputPaths = (
				"${PODS_PODFILE_DIR_PATH}/Podfile.lock",
				"${PODS_ROOT}/Manifest.lock",
			);
			name = "[CP] Check Pods Manifest.lock";
			outputFileListPaths = (
			);
			outputPaths = (
				"$(DERIVED_FILE_DIR)/Pods-RemoteConfigForceUpdateTests-checkManifestLockResult.txt",
			);
			runOnlyForDeploymentPostprocessing = 0;
			shellPath = /bin/sh;
			shellScript = "diff \"${PODS_PODFILE_DIR_PATH}/Podfile.lock\" \"${PODS_ROOT}/Manifest.lock\" > /dev/null\nif [ $? != 0 ] ; then\n    # print error to STDERR\n    echo \"error: The sandbox is not in sync with the Podfile.lock. Run 'pod install' or update your CocoaPods installation.\" >&2\n    exit 1\nfi\n# This output is used by Xcode 'outputs' to avoid re-running this script phase.\necho \"SUCCESS\" > \"${SCRIPT_OUTPUT_FILE_0}\"\n";
			showEnvVarsInLog = 0;
		};
/* End PBXShellScriptBuildPhase section */

/* Begin PBXSourcesBuildPhase section */
		1E1086AE239D22D20047F276 /* Sources */ = {
			isa = PBXSourcesBuildPhase;
			buildActionMask = 2147483647;
			files = (
				1E75BD7D23A128C50017A7BA /* RemoteConfigDefaultValueProvidable.swift in Sources */,
				1E1086DE23A0F25E0047F276 /* FirebaseRemoteConfigService.swift in Sources */,
				1E1086BA239D22D20047F276 /* ViewController.swift in Sources */,
				1E1086E123A0F3F60047F276 /* AppUtility.swift in Sources */,
				1E1086E423A117DD0047F276 /* ForceAlertInformation.swift in Sources */,
				1E1086B6239D22D20047F276 /* AppDelegate.swift in Sources */,
				1E1086B8239D22D20047F276 /* SceneDelegate.swift in Sources */,
			);
			runOnlyForDeploymentPostprocessing = 0;
		};
		1E1086C4239D22D40047F276 /* Sources */ = {
			isa = PBXSourcesBuildPhase;
			buildActionMask = 2147483647;
			files = (
				1E1086CD239D22D40047F276 /* RemoteConfigForceUpdateTests.swift in Sources */,
			);
			runOnlyForDeploymentPostprocessing = 0;
		};
/* End PBXSourcesBuildPhase section */

/* Begin PBXTargetDependency section */
		1E1086CA239D22D40047F276 /* PBXTargetDependency */ = {
			isa = PBXTargetDependency;
			target = 1E1086B1239D22D20047F276 /* RemoteConfigForceUpdate */;
			targetProxy = 1E1086C9239D22D40047F276 /* PBXContainerItemProxy */;
		};
/* End PBXTargetDependency section */

/* Begin PBXVariantGroup section */
		1E1086BB239D22D20047F276 /* Main.storyboard */ = {
			isa = PBXVariantGroup;
			children = (
				1E1086BC239D22D20047F276 /* Base */,
			);
			name = Main.storyboard;
			sourceTree = "<group>";
		};
		1E1086C0239D22D40047F276 /* LaunchScreen.storyboard */ = {
			isa = PBXVariantGroup;
			children = (
				1E1086C1239D22D40047F276 /* Base */,
			);
			name = LaunchScreen.storyboard;
			sourceTree = "<group>";
		};
/* End PBXVariantGroup section */

/* Begin XCBuildConfiguration section */
		1E1086CF239D22D40047F276 /* Debug */ = {
			isa = XCBuildConfiguration;
			buildSettings = {
				ALWAYS_SEARCH_USER_PATHS = NO;
				CLANG_ANALYZER_NONNULL = YES;
				CLANG_ANALYZER_NUMBER_OBJECT_CONVERSION = YES_AGGRESSIVE;
				CLANG_CXX_LANGUAGE_STANDARD = "gnu++14";
				CLANG_CXX_LIBRARY = "libc++";
				CLANG_ENABLE_MODULES = YES;
				CLANG_ENABLE_OBJC_ARC = YES;
				CLANG_ENABLE_OBJC_WEAK = YES;
				CLANG_WARN_BLOCK_CAPTURE_AUTORELEASING = YES;
				CLANG_WARN_BOOL_CONVERSION = YES;
				CLANG_WARN_COMMA = YES;
				CLANG_WARN_CONSTANT_CONVERSION = YES;
				CLANG_WARN_DEPRECATED_OBJC_IMPLEMENTATIONS = YES;
				CLANG_WARN_DIRECT_OBJC_ISA_USAGE = YES_ERROR;
				CLANG_WARN_DOCUMENTATION_COMMENTS = YES;
				CLANG_WARN_EMPTY_BODY = YES;
				CLANG_WARN_ENUM_CONVERSION = YES;
				CLANG_WARN_INFINITE_RECURSION = YES;
				CLANG_WARN_INT_CONVERSION = YES;
				CLANG_WARN_NON_LITERAL_NULL_CONVERSION = YES;
				CLANG_WARN_OBJC_IMPLICIT_RETAIN_SELF = YES;
				CLANG_WARN_OBJC_LITERAL_CONVERSION = YES;
				CLANG_WARN_OBJC_ROOT_CLASS = YES_ERROR;
				CLANG_WARN_RANGE_LOOP_ANALYSIS = YES;
				CLANG_WARN_STRICT_PROTOTYPES = YES;
				CLANG_WARN_SUSPICIOUS_MOVE = YES;
				CLANG_WARN_UNGUARDED_AVAILABILITY = YES_AGGRESSIVE;
				CLANG_WARN_UNREACHABLE_CODE = YES;
				CLANG_WARN__DUPLICATE_METHOD_MATCH = YES;
				COPY_PHASE_STRIP = NO;
				DEBUG_INFORMATION_FORMAT = dwarf;
				ENABLE_STRICT_OBJC_MSGSEND = YES;
				ENABLE_TESTABILITY = YES;
				GCC_C_LANGUAGE_STANDARD = gnu11;
				GCC_DYNAMIC_NO_PIC = NO;
				GCC_NO_COMMON_BLOCKS = YES;
				GCC_OPTIMIZATION_LEVEL = 0;
				GCC_PREPROCESSOR_DEFINITIONS = (
					"DEBUG=1",
					"$(inherited)",
				);
				GCC_WARN_64_TO_32_BIT_CONVERSION = YES;
				GCC_WARN_ABOUT_RETURN_TYPE = YES_ERROR;
				GCC_WARN_UNDECLARED_SELECTOR = YES;
				GCC_WARN_UNINITIALIZED_AUTOS = YES_AGGRESSIVE;
				GCC_WARN_UNUSED_FUNCTION = YES;
				GCC_WARN_UNUSED_VARIABLE = YES;
				IPHONEOS_DEPLOYMENT_TARGET = 13.1;
				MTL_ENABLE_DEBUG_INFO = INCLUDE_SOURCE;
				MTL_FAST_MATH = YES;
				ONLY_ACTIVE_ARCH = YES;
				SDKROOT = iphoneos;
				SWIFT_ACTIVE_COMPILATION_CONDITIONS = DEBUG;
				SWIFT_OPTIMIZATION_LEVEL = "-Onone";
			};
			name = Debug;
		};
		1E1086D0239D22D40047F276 /* Release */ = {
			isa = XCBuildConfiguration;
			buildSettings = {
				ALWAYS_SEARCH_USER_PATHS = NO;
				CLANG_ANALYZER_NONNULL = YES;
				CLANG_ANALYZER_NUMBER_OBJECT_CONVERSION = YES_AGGRESSIVE;
				CLANG_CXX_LANGUAGE_STANDARD = "gnu++14";
				CLANG_CXX_LIBRARY = "libc++";
				CLANG_ENABLE_MODULES = YES;
				CLANG_ENABLE_OBJC_ARC = YES;
				CLANG_ENABLE_OBJC_WEAK = YES;
				CLANG_WARN_BLOCK_CAPTURE_AUTORELEASING = YES;
				CLANG_WARN_BOOL_CONVERSION = YES;
				CLANG_WARN_COMMA = YES;
				CLANG_WARN_CONSTANT_CONVERSION = YES;
				CLANG_WARN_DEPRECATED_OBJC_IMPLEMENTATIONS = YES;
				CLANG_WARN_DIRECT_OBJC_ISA_USAGE = YES_ERROR;
				CLANG_WARN_DOCUMENTATION_COMMENTS = YES;
				CLANG_WARN_EMPTY_BODY = YES;
				CLANG_WARN_ENUM_CONVERSION = YES;
				CLANG_WARN_INFINITE_RECURSION = YES;
				CLANG_WARN_INT_CONVERSION = YES;
				CLANG_WARN_NON_LITERAL_NULL_CONVERSION = YES;
				CLANG_WARN_OBJC_IMPLICIT_RETAIN_SELF = YES;
				CLANG_WARN_OBJC_LITERAL_CONVERSION = YES;
				CLANG_WARN_OBJC_ROOT_CLASS = YES_ERROR;
				CLANG_WARN_RANGE_LOOP_ANALYSIS = YES;
				CLANG_WARN_STRICT_PROTOTYPES = YES;
				CLANG_WARN_SUSPICIOUS_MOVE = YES;
				CLANG_WARN_UNGUARDED_AVAILABILITY = YES_AGGRESSIVE;
				CLANG_WARN_UNREACHABLE_CODE = YES;
				CLANG_WARN__DUPLICATE_METHOD_MATCH = YES;
				COPY_PHASE_STRIP = NO;
				DEBUG_INFORMATION_FORMAT = "dwarf-with-dsym";
				ENABLE_NS_ASSERTIONS = NO;
				ENABLE_STRICT_OBJC_MSGSEND = YES;
				GCC_C_LANGUAGE_STANDARD = gnu11;
				GCC_NO_COMMON_BLOCKS = YES;
				GCC_WARN_64_TO_32_BIT_CONVERSION = YES;
				GCC_WARN_ABOUT_RETURN_TYPE = YES_ERROR;
				GCC_WARN_UNDECLARED_SELECTOR = YES;
				GCC_WARN_UNINITIALIZED_AUTOS = YES_AGGRESSIVE;
				GCC_WARN_UNUSED_FUNCTION = YES;
				GCC_WARN_UNUSED_VARIABLE = YES;
				IPHONEOS_DEPLOYMENT_TARGET = 13.1;
				MTL_ENABLE_DEBUG_INFO = NO;
				MTL_FAST_MATH = YES;
				SDKROOT = iphoneos;
				SWIFT_COMPILATION_MODE = wholemodule;
				SWIFT_OPTIMIZATION_LEVEL = "-O";
				VALIDATE_PRODUCT = YES;
			};
			name = Release;
		};
		1E1086D2239D22D40047F276 /* Debug */ = {
			isa = XCBuildConfiguration;
			baseConfigurationReference = 2FC21DD42A1633974D90C412 /* Pods-RemoteConfigForceUpdate.debug.xcconfig */;
			buildSettings = {
				ASSETCATALOG_COMPILER_APPICON_NAME = AppIcon;
				CODE_SIGN_STYLE = Automatic;
				DEVELOPMENT_TEAM = Y827F3LXSQ;
				INFOPLIST_FILE = RemoteConfigForceUpdate/Supports/Info.plist;
				LD_RUNPATH_SEARCH_PATHS = (
					"$(inherited)",
					"@executable_path/Frameworks",
				);
				MARKETING_VERSION = 1.0.0;
				PRODUCT_BUNDLE_IDENTIFIER = com.iganin.RemoteConfigForceUpdate;
				PRODUCT_NAME = "$(TARGET_NAME)";
				SWIFT_VERSION = 5.0;
				TARGETED_DEVICE_FAMILY = "1,2";
			};
			name = Debug;
		};
		1E1086D3239D22D40047F276 /* Release */ = {
			isa = XCBuildConfiguration;
			baseConfigurationReference = EDF10B06E8A12B778B39B11B /* Pods-RemoteConfigForceUpdate.release.xcconfig */;
			buildSettings = {
				ASSETCATALOG_COMPILER_APPICON_NAME = AppIcon;
				CODE_SIGN_STYLE = Automatic;
				DEVELOPMENT_TEAM = Y827F3LXSQ;
				INFOPLIST_FILE = RemoteConfigForceUpdate/Supports/Info.plist;
				LD_RUNPATH_SEARCH_PATHS = (
					"$(inherited)",
					"@executable_path/Frameworks",
				);
				MARKETING_VERSION = 1.0.0;
				PRODUCT_BUNDLE_IDENTIFIER = com.iganin.RemoteConfigForceUpdate;
				PRODUCT_NAME = "$(TARGET_NAME)";
				SWIFT_VERSION = 5.0;
				TARGETED_DEVICE_FAMILY = "1,2";
			};
			name = Release;
		};
		1E1086D5239D22D40047F276 /* Debug */ = {
			isa = XCBuildConfiguration;
			baseConfigurationReference = 5F71A88D4823130AE011FFFE /* Pods-RemoteConfigForceUpdateTests.debug.xcconfig */;
			buildSettings = {
				ALWAYS_EMBED_SWIFT_STANDARD_LIBRARIES = YES;
				BUNDLE_LOADER = "$(TEST_HOST)";
				CODE_SIGN_STYLE = Automatic;
				DEVELOPMENT_TEAM = Y827F3LXSQ;
				INFOPLIST_FILE = RemoteConfigForceUpdateTests/Info.plist;
				IPHONEOS_DEPLOYMENT_TARGET = 13.1;
				LD_RUNPATH_SEARCH_PATHS = (
					"$(inherited)",
					"@executable_path/Frameworks",
					"@loader_path/Frameworks",
				);
				PRODUCT_BUNDLE_IDENTIFIER = com.iganin.RemoteConfigForceUpdateTests;
				PRODUCT_NAME = "$(TARGET_NAME)";
				SWIFT_VERSION = 5.0;
				TARGETED_DEVICE_FAMILY = "1,2";
				TEST_HOST = "$(BUILT_PRODUCTS_DIR)/RemoteConfigForceUpdate.app/RemoteConfigForceUpdate";
			};
			name = Debug;
		};
		1E1086D6239D22D40047F276 /* Release */ = {
			isa = XCBuildConfiguration;
			baseConfigurationReference = EF07077A63B431B6D5948DA3 /* Pods-RemoteConfigForceUpdateTests.release.xcconfig */;
			buildSettings = {
				ALWAYS_EMBED_SWIFT_STANDARD_LIBRARIES = YES;
				BUNDLE_LOADER = "$(TEST_HOST)";
				CODE_SIGN_STYLE = Automatic;
				DEVELOPMENT_TEAM = Y827F3LXSQ;
				INFOPLIST_FILE = RemoteConfigForceUpdateTests/Info.plist;
				IPHONEOS_DEPLOYMENT_TARGET = 13.1;
				LD_RUNPATH_SEARCH_PATHS = (
					"$(inherited)",
					"@executable_path/Frameworks",
					"@loader_path/Frameworks",
				);
				PRODUCT_BUNDLE_IDENTIFIER = com.iganin.RemoteConfigForceUpdateTests;
				PRODUCT_NAME = "$(TARGET_NAME)";
				SWIFT_VERSION = 5.0;
				TARGETED_DEVICE_FAMILY = "1,2";
				TEST_HOST = "$(BUILT_PRODUCTS_DIR)/RemoteConfigForceUpdate.app/RemoteConfigForceUpdate";
			};
			name = Release;
		};
/* End XCBuildConfiguration section */

/* Begin XCConfigurationList section */
		1E1086AD239D22D10047F276 /* Build configuration list for PBXProject "RemoteConfigForceUpdate" */ = {
			isa = XCConfigurationList;
			buildConfigurations = (
				1E1086CF239D22D40047F276 /* Debug */,
				1E1086D0239D22D40047F276 /* Release */,
			);
			defaultConfigurationIsVisible = 0;
			defaultConfigurationName = Release;
		};
		1E1086D1239D22D40047F276 /* Build configuration list for PBXNativeTarget "RemoteConfigForceUpdate" */ = {
			isa = XCConfigurationList;
			buildConfigurations = (
				1E1086D2239D22D40047F276 /* Debug */,
				1E1086D3239D22D40047F276 /* Release */,
			);
			defaultConfigurationIsVisible = 0;
			defaultConfigurationName = Release;
		};
		1E1086D4239D22D40047F276 /* Build configuration list for PBXNativeTarget "RemoteConfigForceUpdateTests" */ = {
			isa = XCConfigurationList;
			buildConfigurations = (
				1E1086D5239D22D40047F276 /* Debug */,
				1E1086D6239D22D40047F276 /* Release */,
			);
			defaultConfigurationIsVisible = 0;
			defaultConfigurationName = Release;
		};
/* End XCConfigurationList section */
	};
	rootObject = 1E1086AA239D22D10047F276 /* Project object */;
}
